
Microsoft Visual Studio Solution File, Format Version 12.00
# Visual Studio Version 17
VisualStudioVersion = 17.4.33213.308
MinimumVisualStudioVersion = 10.0.40219.1
Project("{FAE04EC0-301F-11D3-BF4B-00C04F79EFBC}") = "AppBancoDigital.Android", "AppBancoDigital\AppBancoDigital.Android\AppBancoDigital.Android.csproj", "{BAB8716A-10BB-4243-8185-B045D0237E9A}"
EndProject
Project("{FAE04EC0-301F-11D3-BF4B-00C04F79EFBC}") = "AppBancoDigital", "AppBancoDigital\AppBancoDigital\AppBancoDigital.csproj", "{E19DDA56-FBD7-40C6-92ED-95B2A23F68C6}"
EndProject
Global
	GlobalSection(SolutionConfigurationPlatforms) = preSolution
		Debug|Any CPU = Debug|Any CPU
		Release|Any CPU = Release|Any CPU
	EndGlobalSection
	GlobalSection(ProjectConfigurationPlatforms) = postSolution
		{BAB8716A-10BB-4243-8185-B045D0237E9A}.Debug|Any CPU.ActiveCfg = Debug|Any CPU
		{BAB8716A-10BB-4243-8185-B045D0237E9A}.Debug|Any CPU.Build.0 = Debug|Any CPU
		{BAB8716A-10BB-4243-8185-B045D0237E9A}.Debug|Any CPU.Deploy.0 = Debug|Any CPU
		{BAB8716A-10BB-4243-8185-B045D0237E9A}.Release|Any CPU.ActiveCfg = Release|Any CPU
		{BAB8716A-10BB-4243-8185-B045D0237E9A}.Release|Any CPU.Build.0 = Release|Any CPU
		{BAB8716A-10BB-4243-8185-B045D0237E9A}.Release|Any CPU.Deploy.0 = Release|Any CPU
		{E19DDA56-FBD7-40C6-92ED-95B2A23F68C6}.Debug|Any CPU.ActiveCfg = Debug|Any CPU
		{E19DDA56-FBD7-40C6-92ED-95B2A23F68C6}.Debug|Any CPU.Build.0 = Debug|Any CPU
		{E19DDA56-FBD7-40C6-92ED-95B2A23F68C6}.Debug|Any CPU.Deploy.0 = Debug|Any CPU
		{E19DDA56-FBD7-40C6-92ED-95B2A23F68C6}.Release|Any CPU.ActiveCfg = Release|Any CPU
		{E19DDA56-FBD7-40C6-92ED-95B2A23F68C6}.Release|Any CPU.Build.0 = Release|Any CPU
		{E19DDA56-FBD7-40C6-92ED-95B2A23F68C6}.Release|Any CPU.Deploy.0 = Release|Any CPU
	EndGlobalSection
	GlobalSection(SolutionProperties) = preSolution
		HideSolutionNode = FALSE
	EndGlobalSection
	GlobalSection(ExtensibilityGlobals) = postSolution
		SolutionGuid = {AF8FD407-C7B3-42E4-9F3B-C54E10329244}
	EndGlobalSection
EndGlobal
